// !$*UTF8*$!
{
	archiveVersion = 1;
	classes = {
	};
	objectVersion = 46;
	objects = {

/* Begin PBXBuildFile section */
		DB53CB951CBEB81100404167 /* AppDelegate.swift in Sources */ = {isa = PBXBuildFile; fileRef = DB53CB941CBEB81100404167 /* AppDelegate.swift */; };
		DB53CB971CBEB81100404167 /* ViewController.swift in Sources */ = {isa = PBXBuildFile; fileRef = DB53CB961CBEB81100404167 /* ViewController.swift */; };
		DB53CB9A1CBEB81100404167 /* Main.storyboard in Resources */ = {isa = PBXBuildFile; fileRef = DB53CB981CBEB81100404167 /* Main.storyboard */; };
		DB53CB9C1CBEB81100404167 /* Assets.xcassets in Resources */ = {isa = PBXBuildFile; fileRef = DB53CB9B1CBEB81100404167 /* Assets.xcassets */; };
		DB53CB9F1CBEB81100404167 /* LaunchScreen.storyboard in Resources */ = {isa = PBXBuildFile; fileRef = DB53CB9D1CBEB81100404167 /* LaunchScreen.storyboard */; };
		DB53CBA91CBEB84B00404167 /* FBSDKCoreKit.framework in Frameworks */ = {isa = PBXBuildFile; fileRef = DB53CBA61CBEB84B00404167 /* FBSDKCoreKit.framework */; };
		DB53CBAA1CBEB84B00404167 /* FBSDKLoginKit.framework in Frameworks */ = {isa = PBXBuildFile; fileRef = DB53CBA71CBEB84B00404167 /* FBSDKLoginKit.framework */; };
		DB53CBAB1CBEB84B00404167 /* FBSDKShareKit.framework in Frameworks */ = {isa = PBXBuildFile; fileRef = DB53CBA81CBEB84B00404167 /* FBSDKShareKit.framework */; };
/* End PBXBuildFile section */

/* Begin PBXFileReference section */
		DB53CB911CBEB81100404167 /* Pear.app */ = {isa = PBXFileReference; explicitFileType = wrapper.application; includeInIndex = 0; path = Pear.app; sourceTree = BUILT_PRODUCTS_DIR; };
		DB53CB941CBEB81100404167 /* AppDelegate.swift */ = {isa = PBXFileReference; lastKnownFileType = sourcecode.swift; path = AppDelegate.swift; sourceTree = "<group>"; };
		DB53CB961CBEB81100404167 /* ViewController.swift */ = {isa = PBXFileReference; lastKnownFileType = sourcecode.swift; path = ViewController.swift; sourceTree = "<group>"; };
		DB53CB991CBEB81100404167 /* Base */ = {isa = PBXFileReference; lastKnownFileType = file.storyboard; name = Base; path = Base.lproj/Main.storyboard; sourceTree = "<group>"; };
		DB53CB9B1CBEB81100404167 /* Assets.xcassets */ = {isa = PBXFileReference; lastKnownFileType = folder.assetcatalog; path = Assets.xcassets; sourceTree = "<group>"; };
		DB53CB9E1CBEB81100404167 /* Base */ = {isa = PBXFileReference; lastKnownFileType = file.storyboard; name = Base; path = Base.lproj/LaunchScreen.storyboard; sourceTree = "<group>"; };
		DB53CBA01CBEB81100404167 /* Info.plist */ = {isa = PBXFileReference; lastKnownFileType = text.plist.xml; path = Info.plist; sourceTree = "<group>"; };
		DB53CBA61CBEB84B00404167 /* FBSDKCoreKit.framework */ = {isa = PBXFileReference; lastKnownFileType = wrapper.framework; path = FBSDKCoreKit.framework; sourceTree = "<group>"; };
		DB53CBA71CBEB84B00404167 /* FBSDKLoginKit.framework */ = {isa = PBXFileReference; lastKnownFileType = wrapper.framework; path = FBSDKLoginKit.framework; sourceTree = "<group>"; };
		DB53CBA81CBEB84B00404167 /* FBSDKShareKit.framework */ = {isa = PBXFileReference; lastKnownFileType = wrapper.framework; path = FBSDKShareKit.framework; sourceTree = "<group>"; };
/* End PBXFileReference section */

/* Begin PBXFrameworksBuildPhase section */
		DB53CB8E1CBEB81100404167 /* Frameworks */ = {
			isa = PBXFrameworksBuildPhase;
			buildActionMask = 2147483647;
			files = (
				DB53CBAA1CBEB84B00404167 /* FBSDKLoginKit.framework in Frameworks */,
				DB53CBA91CBEB84B00404167 /* FBSDKCoreKit.framework in Frameworks */,
				DB53CBAB1CBEB84B00404167 /* FBSDKShareKit.framework in Frameworks */,
			);
			runOnlyForDeploymentPostprocessing = 0;
		};
/* End PBXFrameworksBuildPhase section */

/* Begin PBXGroup section */
		DB53CB881CBEB81100404167 = {
			isa = PBXGroup;
			children = (
				DB53CBAC1CBEB85000404167 /* Frameworks */,
				DB53CB931CBEB81100404167 /* Pear */,
				DB53CB921CBEB81100404167 /* Products */,
			);
			sourceTree = "<group>";
		};
		DB53CB921CBEB81100404167 /* Products */ = {
			isa = PBXGroup;
			children = (
				DB53CB911CBEB81100404167 /* Pear.app */,
			);
			name = Products;
			sourceTree = "<group>";
		};
		DB53CB931CBEB81100404167 /* Pear */ = {
			isa = PBXGroup;
			children = (
				DB53CB941CBEB81100404167 /* AppDelegate.swift */,
				DB53CB961CBEB81100404167 /* ViewController.swift */,
				DB53CB981CBEB81100404167 /* Main.storyboard */,
				DB53CB9B1CBEB81100404167 /* Assets.xcassets */,
				DB53CB9D1CBEB81100404167 /* LaunchScreen.storyboard */,
				DB53CBA01CBEB81100404167 /* Info.plist */,
			);
			path = Pear;
			sourceTree = "<group>";
		};
		DB53CBAC1CBEB85000404167 /* Frameworks */ = {
			isa = PBXGroup;
			children = (
				DB53CBA61CBEB84B00404167 /* FBSDKCoreKit.framework */,
				DB53CBA71CBEB84B00404167 /* FBSDKLoginKit.framework */,
				DB53CBA81CBEB84B00404167 /* FBSDKShareKit.framework */,
			);
			name = Frameworks;
			sourceTree = "<group>";
		};
/* End PBXGroup section */

/* Begin PBXNativeTarget section */
		DB53CB901CBEB81100404167 /* Pear */ = {
			isa = PBXNativeTarget;
			buildConfigurationList = DB53CBA31CBEB81100404167 /* Build configuration list for PBXNativeTarget "Pear" */;
			buildPhases = (
				DB53CB8D1CBEB81100404167 /* Sources */,
				DB53CB8E1CBEB81100404167 /* Frameworks */,
				DB53CB8F1CBEB81100404167 /* Resources */,
			);
			buildRules = (
			);
			dependencies = (
			);
			name = Pear;
			productName = Pear;
			productReference = DB53CB911CBEB81100404167 /* Pear.app */;
			productType = "com.apple.product-type.application";
		};
/* End PBXNativeTarget section */

/* Begin PBXProject section */
		DB53CB891CBEB81100404167 /* Project object */ = {
			isa = PBXProject;
			attributes = {
				LastSwiftUpdateCheck = 0730;
				LastUpgradeCheck = 0730;
				ORGANIZATIONNAME = "Justin Smith";
				TargetAttributes = {
					DB53CB901CBEB81100404167 = {
						CreatedOnToolsVersion = 7.3;
					};
				};
			};
			buildConfigurationList = DB53CB8C1CBEB81100404167 /* Build configuration list for PBXProject "Pear" */;
			compatibilityVersion = "Xcode 3.2";
			developmentRegion = English;
			hasScannedForEncodings = 0;
			knownRegions = (
				en,
				Base,
			);
			mainGroup = DB53CB881CBEB81100404167;
			productRefGroup = DB53CB921CBEB81100404167 /* Products */;
			projectDirPath = "";
			projectRoot = "";
			targets = (
				DB53CB901CBEB81100404167 /* Pear */,
			);
		};
/* End PBXProject section */

/* Begin PBXResourcesBuildPhase section */
		DB53CB8F1CBEB81100404167 /* Resources */ = {
			isa = PBXResourcesBuildPhase;
			buildActionMask = 2147483647;
			files = (
				DB53CB9F1CBEB81100404167 /* LaunchScreen.storyboard in Resources */,
				DB53CB9C1CBEB81100404167 /* Assets.xcassets in Resources */,
				DB53CB9A1CBEB81100404167 /* Main.storyboard in Resources */,
			);
			runOnlyForDeploymentPostprocessing = 0;
		};
/* End PBXResourcesBuildPhase section */

/* Begin PBXSourcesBuildPhase section */
		DB53CB8D1CBEB81100404167 /* Sources */ = {
			isa = PBXSourcesBuildPhase;
			buildActionMask = 2147483647;
			files = (
				DB53CB971CBEB81100404167 /* ViewController.swift in Sources */,
				DB53CB951CBEB81100404167 /* AppDelegate.swift in Sources */,
			);
			runOnlyForDeploymentPostprocessing = 0;
		};
/* End PBXSourcesBuildPhase section */

/* Begin PBXVariantGroup section */
		DB53CB981CBEB81100404167 /* Main.storyboard */ = {
			isa = PBXVariantGroup;
			children = (
				DB53CB991CBEB81100404167 /* Base */,
			);
			name = Main.storyboard;
			sourceTree = "<group>";
		};
		DB53CB9D1CBEB81100404167 /* LaunchScreen.storyboard */ = {
			isa = PBXVariantGroup;
			children = (
				DB53CB9E1CBEB81100404167 /* Base */,
			);
			name = LaunchScreen.storyboard;
			sourceTree = "<group>";
		};
/* End PBXVariantGroup section */

/* Begin XCBuildConfiguration section */
		DB53CBA11CBEB81100404167 /* Debug */ = {
			isa = XCBuildConfiguration;
			buildSettings = {
				ALWAYS_SEARCH_USER_PATHS = NO;
				CLANG_ANALYZER_NONNULL = YES;
				CLANG_CXX_LANGUAGE_STANDARD = "gnu++0x";
				CLANG_CXX_LIBRARY = "libc++";
				CLANG_ENABLE_MODULES = YES;
				CLANG_ENABLE_OBJC_ARC = YES;
				CLANG_WARN_BOOL_CONVERSION = YES;
				CLANG_WARN_CONSTANT_CONVERSION = YES;
				CLANG_WARN_DIRECT_OBJC_ISA_USAGE = YES_ERROR;
				CLANG_WARN_EMPTY_BODY = YES;
				CLANG_WARN_ENUM_CONVERSION = YES;
				CLANG_WARN_INT_CONVERSION = YES;
				CLANG_WARN_OBJC_ROOT_CLASS = YES_ERROR;
				CLANG_WARN_UNREACHABLE_CODE = YES;
				CLANG_WARN__DUPLICATE_METHOD_MATCH = YES;
				"CODE_SIGN_IDENTITY[sdk=iphoneos*]" = "iPhone Developer";
				COPY_PHASE_STRIP = NO;
				DEBUG_INFORMATION_FORMAT = dwarf;
				ENABLE_STRICT_OBJC_MSGSEND = YES;
				ENABLE_TESTABILITY = YES;
				GCC_C_LANGUAGE_STANDARD = gnu99;
				GCC_DYNAMIC_NO_PIC = NO;
				GCC_NO_COMMON_BLOCKS = YES;
				GCC_OPTIMIZATION_LEVEL = 0;
				GCC_PREPROCESSOR_DEFINITIONS = (
					"DEBUG=1",
					"$(inherited)",
				);
				GCC_WARN_64_TO_32_BIT_CONVERSION = YES;
				GCC_WARN_ABOUT_RETURN_TYPE = YES_ERROR;
				GCC_WARN_UNDECLARED_SELECTOR = YES;
				GCC_WARN_UNINITIALIZED_AUTOS = YES_AGGRESSIVE;
				GCC_WARN_UNUSED_FUNCTION = YES;
				GCC_WARN_UNUSED_VARIABLE = YES;
				IPHONEOS_DEPLOYMENT_TARGET = 9.3;
				MTL_ENABLE_DEBUG_INFO = YES;
				ONLY_ACTIVE_ARCH = YES;
				SDKROOT = iphoneos;
				SWIFT_OPTIMIZATION_LEVEL = "-Onone";
			};
			name = Debug;
		};
		DB53CBA21CBEB81100404167 /* Release */ = {
			isa = XCBuildConfiguration;
			buildSettings = {
				ALWAYS_SEARCH_USER_PATHS = NO;
				CLANG_ANALYZER_NONNULL = YES;
				CLANG_CXX_LANGUAGE_STANDARD = "gnu++0x";
				CLANG_CXX_LIBRARY = "libc++";
				CLANG_ENABLE_MODULES = YES;
				CLANG_ENABLE_OBJC_ARC = YES;
				CLANG_WARN_BOOL_CONVERSION = YES;
				CLANG_WARN_CONSTANT_CONVERSION = YES;
				CLANG_WARN_DIRECT_OBJC_ISA_USAGE = YES_ERROR;
				CLANG_WARN_EMPTY_BODY = YES;
				CLANG_WARN_ENUM_CONVERSION = YES;
				CLANG_WARN_INT_CONVERSION = YES;
				CLANG_WARN_OBJC_ROOT_CLASS = YES_ERROR;
				CLANG_WARN_UNREACHABLE_CODE = YES;
				CLANG_WARN__DUPLICATE_METHOD_MATCH = YES;
				"CODE_SIGN_IDENTITY[sdk=iphoneos*]" = "iPhone Developer";
				COPY_PHASE_STRIP = NO;
				DEBUG_INFORMATION_FORMAT = "dwarf-with-dsym";
				ENABLE_NS_ASSERTIONS = NO;
				ENABLE_STRICT_OBJC_MSGSEND = YES;
				GCC_C_LANGUAGE_STANDARD = gnu99;
				GCC_NO_COMMON_BLOCKS = YES;
				GCC_WARN_64_TO_32_BIT_CONVERSION = YES;
				GCC_WARN_ABOUT_RETURN_TYPE = YES_ERROR;
				GCC_WARN_UNDECLARED_SELECTOR = YES;
				GCC_WARN_UNINITIALIZED_AUTOS = YES_AGGRESSIVE;
				GCC_WARN_UNUSED_FUNCTION = YES;
				GCC_WARN_UNUSED_VARIABLE = YES;
				IPHONEOS_DEPLOYMENT_TARGET = 9.3;
				MTL_ENABLE_DEBUG_INFO = NO;
				SDKROOT = iphoneos;
				VALIDATE_PRODUCT = YES;
			};
			name = Release;
		};
		DB53CBA41CBEB81100404167 /* Debug */ = {
			isa = XCBuildConfiguration;
			buildSettings = {
				ASSETCATALOG_COMPILER_APPICON_NAME = AppIcon;
				FRAMEWORK_SEARCH_PATHS = (
					"$(inherited)",
					"$(PROJECT_DIR)",
				);
				INFOPLIST_FILE = Pear/Info.plist;
				LD_RUNPATH_SEARCH_PATHS = "$(inherited) @executable_path/Frameworks";
				PRODUCT_BUNDLE_IDENTIFIER = com.yourcompany.Pear;
				PRODUCT_NAME = "$(TARGET_NAME)";
			};
			name = Debug;
		};
		DB53CBA51CBEB81100404167 /* Release */ = {
			isa = XCBuildConfiguration;
			buildSettings = {
				ASSETCATALOG_COMPILER_APPICON_NAME = AppIcon;
				FRAMEWORK_SEARCH_PATHS = (
					"$(inherited)",
					"$(PROJECT_DIR)",
				);
				INFOPLIST_FILE = Pear/Info.plist;
				LD_RUNPATH_SEARCH_PATHS = "$(inherited) @executable_path/Frameworks";
				PRODUCT_BUNDLE_IDENTIFIER = com.yourcompany.Pear;
				PRODUCT_NAME = "$(TARGET_NAME)";
			};
			name = Release;
		};
/* End XCBuildConfiguration section */

/* Begin XCConfigurationList section */
		DB53CB8C1CBEB81100404167 /* Build configuration list for PBXProject "Pear" */ = {
			isa = XCConfigurationList;
			buildConfigurations = (
				DB53CBA11CBEB81100404167 /* Debug */,
				DB53CBA21CBEB81100404167 /* Release */,
			);
			defaultConfigurationIsVisible = 0;
			defaultConfigurationName = Release;
		};
		DB53CBA31CBEB81100404167 /* Build configuration list for PBXNativeTarget "Pear" */ = {
			isa = XCConfigurationList;
			buildConfigurations = (
				DB53CBA41CBEB81100404167 /* Debug */,
				DB53CBA51CBEB81100404167 /* Release */,
			);
			defaultConfigurationIsVisible = 0;
		};
/* End XCConfigurationList section */
	};
	rootObject = DB53CB891CBEB81100404167 /* Project object */;
}
